
Microsoft Visual Studio Solution File, Format Version 12.00
# Visual Studio Version 17
VisualStudioVersion = 17.12.35707.178
MinimumVisualStudioVersion = 10.0.40219.1
Project("{2150E333-8FDC-42A3-9474-1A3956D46DE8}") = "Services", "Services", "{1BAA5309-91B2-46E3-BF62-0489FC335FC4}"
EndProject
Project("{2150E333-8FDC-42A3-9474-1A3956D46DE8}") = "Registration", "Registration", "{D8D24911-75A2-4C80-803C-0C3899494E46}"
EndProject
Project("{2150E333-8FDC-42A3-9474-1A3956D46DE8}") = "Catalog", "Catalog", "{655F48CB-D47E-42DC-834B-B2EF9B45E4B5}"
EndProject
Project("{2150E333-8FDC-42A3-9474-1A3956D46DE8}") = "Core", "Core", "{B01398FE-08D6-43C4-98E6-83B2D568AD40}"
EndProject
Project("{2150E333-8FDC-42A3-9474-1A3956D46DE8}") = "Fiscal", "Fiscal", "{B81C5287-C9B0-4D3E-AD11-064BF4F65206}"
EndProject
Project("{2150E333-8FDC-42A3-9474-1A3956D46DE8}") = "Payments", "Payments", "{1B546B04-A3F3-409A-AD1D-A1C88EDE43E6}"
EndProject
Project("{2150E333-8FDC-42A3-9474-1A3956D46DE8}") = "Sales", "Sales", "{9AFCBE21-D46B-4609-A64D-8AC7EB68E9C3}"
EndProject
Project("{FAE04EC0-301F-11D3-BF4B-00C04F79EFBC}") = "NerdStore.Catalog.Domain", "src\NerdStore.Catalog.Domain\NerdStore.Catalog.Domain.csproj", "{7C31D8E5-2842-4918-94E4-CC24D5455591}"
EndProject
Project("{FAE04EC0-301F-11D3-BF4B-00C04F79EFBC}") = "NerdStore.Core", "src\NerdStore.Core\NerdStore.Core.csproj", "{D8AE4068-5EAD-4B4E-8E26-5BBA7F31FDA0}"
EndProject
Project("{2150E333-8FDC-42A3-9474-1A3956D46DE8}") = "Tests", "Tests", "{B048536B-568D-4B46-AB1C-AC0C25EE7483}"
EndProject
Project("{FAE04EC0-301F-11D3-BF4B-00C04F79EFBC}") = "NerdStore.Catalog.Domain.Tests", "tests\NerdStore.Catalog.Domain.Tests\NerdStore.Catalog.Domain.Tests.csproj", "{C127D4F4-3BB4-431B-B9F8-99DD4C8586BA}"
EndProject
Project("{FAE04EC0-301F-11D3-BF4B-00C04F79EFBC}") = "NerdStore.Catalog.Data", "src\NerdStore.Catalog.Data\NerdStore.Catalog.Data.csproj", "{B275992B-4A9A-4F33-BA6A-060430346322}"
EndProject
Global
	GlobalSection(SolutionConfigurationPlatforms) = preSolution
		Debug|Any CPU = Debug|Any CPU
		Release|Any CPU = Release|Any CPU
	EndGlobalSection
	GlobalSection(ProjectConfigurationPlatforms) = postSolution
		{7C31D8E5-2842-4918-94E4-CC24D5455591}.Debug|Any CPU.ActiveCfg = Debug|Any CPU
		{7C31D8E5-2842-4918-94E4-CC24D5455591}.Debug|Any CPU.Build.0 = Debug|Any CPU
		{7C31D8E5-2842-4918-94E4-CC24D5455591}.Release|Any CPU.ActiveCfg = Release|Any CPU
		{7C31D8E5-2842-4918-94E4-CC24D5455591}.Release|Any CPU.Build.0 = Release|Any CPU
		{D8AE4068-5EAD-4B4E-8E26-5BBA7F31FDA0}.Debug|Any CPU.ActiveCfg = Debug|Any CPU
		{D8AE4068-5EAD-4B4E-8E26-5BBA7F31FDA0}.Debug|Any CPU.Build.0 = Debug|Any CPU
		{D8AE4068-5EAD-4B4E-8E26-5BBA7F31FDA0}.Release|Any CPU.ActiveCfg = Release|Any CPU
		{D8AE4068-5EAD-4B4E-8E26-5BBA7F31FDA0}.Release|Any CPU.Build.0 = Release|Any CPU
		{C127D4F4-3BB4-431B-B9F8-99DD4C8586BA}.Debug|Any CPU.ActiveCfg = Debug|Any CPU
		{C127D4F4-3BB4-431B-B9F8-99DD4C8586BA}.Debug|Any CPU.Build.0 = Debug|Any CPU
		{C127D4F4-3BB4-431B-B9F8-99DD4C8586BA}.Release|Any CPU.ActiveCfg = Release|Any CPU
		{C127D4F4-3BB4-431B-B9F8-99DD4C8586BA}.Release|Any CPU.Build.0 = Release|Any CPU
		{B275992B-4A9A-4F33-BA6A-060430346322}.Debug|Any CPU.ActiveCfg = Debug|Any CPU
		{B275992B-4A9A-4F33-BA6A-060430346322}.Debug|Any CPU.Build.0 = Debug|Any CPU
		{B275992B-4A9A-4F33-BA6A-060430346322}.Release|Any CPU.ActiveCfg = Release|Any CPU
		{B275992B-4A9A-4F33-BA6A-060430346322}.Release|Any CPU.Build.0 = Release|Any CPU
	EndGlobalSection
	GlobalSection(SolutionProperties) = preSolution
		HideSolutionNode = FALSE
	EndGlobalSection
	GlobalSection(NestedProjects) = preSolution
		{D8D24911-75A2-4C80-803C-0C3899494E46} = {1BAA5309-91B2-46E3-BF62-0489FC335FC4}
		{655F48CB-D47E-42DC-834B-B2EF9B45E4B5} = {1BAA5309-91B2-46E3-BF62-0489FC335FC4}
		{B01398FE-08D6-43C4-98E6-83B2D568AD40} = {1BAA5309-91B2-46E3-BF62-0489FC335FC4}
		{B81C5287-C9B0-4D3E-AD11-064BF4F65206} = {1BAA5309-91B2-46E3-BF62-0489FC335FC4}
		{1B546B04-A3F3-409A-AD1D-A1C88EDE43E6} = {1BAA5309-91B2-46E3-BF62-0489FC335FC4}
		{9AFCBE21-D46B-4609-A64D-8AC7EB68E9C3} = {1BAA5309-91B2-46E3-BF62-0489FC335FC4}
		{7C31D8E5-2842-4918-94E4-CC24D5455591} = {655F48CB-D47E-42DC-834B-B2EF9B45E4B5}
		{D8AE4068-5EAD-4B4E-8E26-5BBA7F31FDA0} = {B01398FE-08D6-43C4-98E6-83B2D568AD40}
		{B048536B-568D-4B46-AB1C-AC0C25EE7483} = {655F48CB-D47E-42DC-834B-B2EF9B45E4B5}
		{C127D4F4-3BB4-431B-B9F8-99DD4C8586BA} = {B048536B-568D-4B46-AB1C-AC0C25EE7483}
		{B275992B-4A9A-4F33-BA6A-060430346322} = {655F48CB-D47E-42DC-834B-B2EF9B45E4B5}
	EndGlobalSection
EndGlobal
